
Microsoft Visual Studio Solution File, Format Version 12.00
# Visual Studio Version 16
VisualStudioVersion = 16.0.29728.190
MinimumVisualStudioVersion = 10.0.40219.1
Project("{FAE04EC0-301F-11D3-BF4B-00C04F79EFBC}") = "SwedbankAPITest", "SwedbankAPITest\SwedbankAPITest.csproj", "{885A1A93-77F8-4274-AEAC-AF0A4AEAF805}"
EndProject
Project("{FAE04EC0-301F-11D3-BF4B-00C04F79EFBC}") = "SwedbankAPI", "SwedbankAPI\SwedbankAPI.csproj", "{5C526852-93A8-458E-ACCE-61332B448F8B}"
EndProject
Global
	GlobalSection(SolutionConfigurationPlatforms) = preSolution
		Debug|Any CPU = Debug|Any CPU
		Release|Any CPU = Release|Any CPU
	EndGlobalSection
	GlobalSection(ProjectConfigurationPlatforms) = postSolution
		{885A1A93-77F8-4274-AEAC-AF0A4AEAF805}.Debug|Any CPU.ActiveCfg = Debug|Any CPU
		{885A1A93-77F8-4274-AEAC-AF0A4AEAF805}.Debug|Any CPU.Build.0 = Debug|Any CPU
		{885A1A93-77F8-4274-AEAC-AF0A4AEAF805}.Release|Any CPU.ActiveCfg = Release|Any CPU
		{885A1A93-77F8-4274-AEAC-AF0A4AEAF805}.Release|Any CPU.Build.0 = Release|Any CPU
		{5C526852-93A8-458E-ACCE-61332B448F8B}.Debug|Any CPU.ActiveCfg = Debug|Any CPU
		{5C526852-93A8-458E-ACCE-61332B448F8B}.Debug|Any CPU.Build.0 = Debug|Any CPU
		{5C526852-93A8-458E-ACCE-61332B448F8B}.Release|Any CPU.ActiveCfg = Release|Any CPU
		{5C526852-93A8-458E-ACCE-61332B448F8B}.Release|Any CPU.Build.0 = Release|Any CPU
	EndGlobalSection
	GlobalSection(SolutionProperties) = preSolution
		HideSolutionNode = FALSE
	EndGlobalSection
	GlobalSection(ExtensibilityGlobals) = postSolution
		SolutionGuid = {31DEEA46-2480-4F1B-8C65-037FF899DC92}
	EndGlobalSection
EndGlobal
